
Microsoft Visual Studio Solution File, Format Version 12.00
# Visual Studio Version 16
VisualStudioVersion = 16.0.31613.86
MinimumVisualStudioVersion = 10.0.40219.1
Project("{FAE04EC0-301F-11D3-BF4B-00C04F79EFBC}") = "CoureAssessmentWebAPI", "CoureAssessmentWebAPI\CoureAssessmentWebAPI.csproj", "{984C7285-2E4B-496D-9760-D61FD91B4C09}"
EndProject
Global
	GlobalSection(SolutionConfigurationPlatforms) = preSolution
		Debug|Any CPU = Debug|Any CPU
		Release|Any CPU = Release|Any CPU
	EndGlobalSection
	GlobalSection(ProjectConfigurationPlatforms) = postSolution
		{984C7285-2E4B-496D-9760-D61FD91B4C09}.Debug|Any CPU.ActiveCfg = Debug|Any CPU
		{984C7285-2E4B-496D-9760-D61FD91B4C09}.Debug|Any CPU.Build.0 = Debug|Any CPU
		{984C7285-2E4B-496D-9760-D61FD91B4C09}.Release|Any CPU.ActiveCfg = Release|Any CPU
		{984C7285-2E4B-496D-9760-D61FD91B4C09}.Release|Any CPU.Build.0 = Release|Any CPU
	EndGlobalSection
	GlobalSection(SolutionProperties) = preSolution
		HideSolutionNode = FALSE
	EndGlobalSection
	GlobalSection(ExtensibilityGlobals) = postSolution
		SolutionGuid = {26C2FA12-645A-4149-8F46-B1E73C0BEEB5}
	EndGlobalSection
EndGlobal
